
Microsoft Visual Studio Solution File, Format Version 12.00
# Visual Studio Version 17
VisualStudioVersion = 17.4.33205.214
MinimumVisualStudioVersion = 10.0.40219.1
Project("{FAE04EC0-301F-11D3-BF4B-00C04F79EFBC}") = "DSA4Fun", "DSA4Fun.csproj", "{1AB173DC-BDFE-4998-81AF-8238D404BA75}"
EndProject
Global
	GlobalSection(SolutionConfigurationPlatforms) = preSolution
		Debug|Any CPU = Debug|Any CPU
		Release|Any CPU = Release|Any CPU
	EndGlobalSection
	GlobalSection(ProjectConfigurationPlatforms) = postSolution
		{1AB173DC-BDFE-4998-81AF-8238D404BA75}.Debug|Any CPU.ActiveCfg = Debug|Any CPU
		{1AB173DC-BDFE-4998-81AF-8238D404BA75}.Debug|Any CPU.Build.0 = Debug|Any CPU
		{1AB173DC-BDFE-4998-81AF-8238D404BA75}.Release|Any CPU.ActiveCfg = Release|Any CPU
		{1AB173DC-BDFE-4998-81AF-8238D404BA75}.Release|Any CPU.Build.0 = Release|Any CPU
	EndGlobalSection
	GlobalSection(SolutionProperties) = preSolution
		HideSolutionNode = FALSE
	EndGlobalSection
	GlobalSection(ExtensibilityGlobals) = postSolution
		SolutionGuid = {86CBC2EE-9C02-4CED-AE18-56C36038FE5B}
	EndGlobalSection
EndGlobal
